
Microsoft Visual Studio Solution File, Format Version 12.00
# Visual Studio Version 16
VisualStudioVersion = 16.0.28407.52
MinimumVisualStudioVersion = 10.0.40219.1
Project("{9A19103F-16F7-4668-BE54-9A1E7A4F7556}") = "Core.Collections", "Core.Collections\Core.Collections.csproj", "{49DD66D6-BC14-41A5-B7AF-6397B8148441}"
EndProject
Project("{9A19103F-16F7-4668-BE54-9A1E7A4F7556}") = "Core.Collections.Tests", "Core.Collections.Tests\Core.Collections.Tests.csproj", "{6853DE32-29E8-4790-BB7B-586016091379}"
EndProject
Project("{2150E333-8FDC-42A3-9474-1A3956D46DE8}") = "Solution Items", "Solution Items", "{1B76131F-C86A-45DD-BFF2-8A5C263C29FC}"
	ProjectSection(SolutionItems) = preProject
		.gitattributes = .gitattributes
		.gitignore = .gitignore
		LICENSE.txt = LICENSE.txt
		README.md = README.md
	EndProjectSection
EndProject
Global
	GlobalSection(SolutionConfigurationPlatforms) = preSolution
		Debug|Any CPU = Debug|Any CPU
		Release|Any CPU = Release|Any CPU
	EndGlobalSection
	GlobalSection(ProjectConfigurationPlatforms) = postSolution
		{49DD66D6-BC14-41A5-B7AF-6397B8148441}.Debug|Any CPU.ActiveCfg = Debug|Any CPU
		{49DD66D6-BC14-41A5-B7AF-6397B8148441}.Debug|Any CPU.Build.0 = Debug|Any CPU
		{49DD66D6-BC14-41A5-B7AF-6397B8148441}.Release|Any CPU.ActiveCfg = Release|Any CPU
		{49DD66D6-BC14-41A5-B7AF-6397B8148441}.Release|Any CPU.Build.0 = Release|Any CPU
		{6853DE32-29E8-4790-BB7B-586016091379}.Debug|Any CPU.ActiveCfg = Debug|Any CPU
		{6853DE32-29E8-4790-BB7B-586016091379}.Debug|Any CPU.Build.0 = Debug|Any CPU
		{6853DE32-29E8-4790-BB7B-586016091379}.Release|Any CPU.ActiveCfg = Release|Any CPU
		{6853DE32-29E8-4790-BB7B-586016091379}.Release|Any CPU.Build.0 = Release|Any CPU
	EndGlobalSection
	GlobalSection(SolutionProperties) = preSolution
		HideSolutionNode = FALSE
	EndGlobalSection
	GlobalSection(ExtensibilityGlobals) = postSolution
		SolutionGuid = {ED43AABD-CD30-4450-AAB1-443572B951D2}
	EndGlobalSection
EndGlobal
